
Microsoft Visual Studio Solution File, Format Version 12.00
# Visual Studio Version 16
VisualStudioVersion = 16.0.32802.440
MinimumVisualStudioVersion = 10.0.40219.1
Project("{FAE04EC0-301F-11D3-BF4B-00C04F79EFBC}") = "PharmacieApp", "PharmacieApp\PharmacieApp.csproj", "{52C9F122-FF7C-450B-9798-898CF8F59285}"
EndProject
Global
	GlobalSection(SolutionConfigurationPlatforms) = preSolution
		Debug|Any CPU = Debug|Any CPU
		Release|Any CPU = Release|Any CPU
	EndGlobalSection
	GlobalSection(ProjectConfigurationPlatforms) = postSolution
		{52C9F122-FF7C-450B-9798-898CF8F59285}.Debug|Any CPU.ActiveCfg = Debug|Any CPU
		{52C9F122-FF7C-450B-9798-898CF8F59285}.Debug|Any CPU.Build.0 = Debug|Any CPU
		{52C9F122-FF7C-450B-9798-898CF8F59285}.Release|Any CPU.ActiveCfg = Release|Any CPU
		{52C9F122-FF7C-450B-9798-898CF8F59285}.Release|Any CPU.Build.0 = Release|Any CPU
	EndGlobalSection
	GlobalSection(SolutionProperties) = preSolution
		HideSolutionNode = FALSE
	EndGlobalSection
	GlobalSection(ExtensibilityGlobals) = postSolution
		SolutionGuid = {A263F8D4-92F3-40B3-B79E-D08D133CA42C}
	EndGlobalSection
EndGlobal
